{
	"name": "shorturl",
	"version": "0.0.2",
	"lockfileVersion": 1,
	"requires": true,
	"dependencies": {
		"dotenv": {
			"version": "8.2.0",
			"resolved": "https://registry.npmjs.org/dotenv/-/dotenv-8.2.0.tgz",
			"integrity": "sha512-8sJ78ElpbDJBHNeBzUbUVLsqKdccaa/BXF1uPTw3GrvQTBgrQrtObr2mUrE38vzYd8cEv+m/JBfDLioYcfXoaw=="
		},
		"nanoid": {
			"version": "2.1.11",
			"resolved": "https://registry.npmjs.org/nanoid/-/nanoid-2.1.11.tgz",
			"integrity": "sha512-s/snB+WGm6uwi0WjsZdaVcuf3KJXlfGl2LcxgwkEwJF0D/BWzVWAZW/XY4bFaiR7s0Jk3FPvlnepg1H1b1UwlA=="
		},
		"shortid": {
			"version": "2.2.15",
			"resolved": "https://registry.npmjs.org/shortid/-/shortid-2.2.15.tgz",
			"integrity": "sha512-5EaCy2mx2Jgc/Fdn9uuDuNIIfWBpzY4XIlhoqtXF6qsf+/+SGZ+FxDdX/ZsMZiWupIWNqAEmiNY4RC+LSmCeOw==",
			"requires": {
				"nanoid": "^2.1.0"
			}
		},
		"valid-url": {
			"version": "1.0.9",
			"resolved": "https://registry.npmjs.org/valid-url/-/valid-url-1.0.9.tgz",
			"integrity": "sha1-HBRHm0DxOXp1eC8RXkCGRHQzogA="
		}
	}
}
